
Microsoft Visual Studio Solution File, Format Version 12.00
# Visual Studio Version 17
VisualStudioVersion = 17.4.33110.190
MinimumVisualStudioVersion = 10.0.40219.1
Project("{FAE04EC0-301F-11D3-BF4B-00C04F79EFBC}") = "Feb-7", "Feb-7\Feb-7.csproj", "{21BA8499-A514-4A67-82F3-CD322B0F4D1B}"
EndProject
Global
	GlobalSection(SolutionConfigurationPlatforms) = preSolution
		Debug|Any CPU = Debug|Any CPU
		Release|Any CPU = Release|Any CPU
	EndGlobalSection
	GlobalSection(ProjectConfigurationPlatforms) = postSolution
		{21BA8499-A514-4A67-82F3-CD322B0F4D1B}.Debug|Any CPU.ActiveCfg = Debug|Any CPU
		{21BA8499-A514-4A67-82F3-CD322B0F4D1B}.Debug|Any CPU.Build.0 = Debug|Any CPU
		{21BA8499-A514-4A67-82F3-CD322B0F4D1B}.Release|Any CPU.ActiveCfg = Release|Any CPU
		{21BA8499-A514-4A67-82F3-CD322B0F4D1B}.Release|Any CPU.Build.0 = Release|Any CPU
	EndGlobalSection
	GlobalSection(SolutionProperties) = preSolution
		HideSolutionNode = FALSE
	EndGlobalSection
	GlobalSection(ExtensibilityGlobals) = postSolution
		SolutionGuid = {8C7C100D-30BB-4CF5-9AE7-C8CF0AB17848}
	EndGlobalSection
EndGlobal
